// !$*UTF8*$!
{
	archiveVersion = 1;
	classes = {
	};
	objectVersion = 54;
	objects = {

/* Begin PBXBuildFile section */
		83177DC86B000B90E79C7151 /* Pods_ExampleObjc.framework in Frameworks */ = {isa = PBXBuildFile; fileRef = C50193D3817D22FD802284E6 /* Pods_ExampleObjc.framework */; };
		8C108B83264CA05200756D24 /* AppDelegate.m in Sources */ = {isa = PBXBuildFile; fileRef = 8C108B82264CA05200756D24 /* AppDelegate.m */; };
		8C108B89264CA05200756D24 /* ViewController.m in Sources */ = {isa = PBXBuildFile; fileRef = 8C108B88264CA05200756D24 /* ViewController.m */; };
		8C108B8C264CA05200756D24 /* Main.storyboard in Resources */ = {isa = PBXBuildFile; fileRef = 8C108B8A264CA05200756D24 /* Main.storyboard */; };
		8C108B8E264CA05400756D24 /* Assets.xcassets in Resources */ = {isa = PBXBuildFile; fileRef = 8C108B8D264CA05400756D24 /* Assets.xcassets */; };
		8C108B91264CA05400756D24 /* LaunchScreen.storyboard in Resources */ = {isa = PBXBuildFile; fileRef = 8C108B8F264CA05400756D24 /* LaunchScreen.storyboard */; };
		8C108B94264CA05400756D24 /* main.m in Sources */ = {isa = PBXBuildFile; fileRef = 8C108B93264CA05400756D24 /* main.m */; };
/* End PBXBuildFile section */

/* Begin PBXFileReference section */
		453D6FC1F0CA36374B1BC380 /* Pods-ExampleObjc.debug.xcconfig */ = {isa = PBXFileReference; includeInIndex = 1; lastKnownFileType = text.xcconfig; name = "Pods-ExampleObjc.debug.xcconfig"; path = "Target Support Files/Pods-ExampleObjc/Pods-ExampleObjc.debug.xcconfig"; sourceTree = "<group>"; };
		8C108B7E264CA05200756D24 /* ExampleObjc.app */ = {isa = PBXFileReference; explicitFileType = wrapper.application; includeInIndex = 0; path = ExampleObjc.app; sourceTree = BUILT_PRODUCTS_DIR; };
		8C108B81264CA05200756D24 /* AppDelegate.h */ = {isa = PBXFileReference; lastKnownFileType = sourcecode.c.h; path = AppDelegate.h; sourceTree = "<group>"; };
		8C108B82264CA05200756D24 /* AppDelegate.m */ = {isa = PBXFileReference; lastKnownFileType = sourcecode.c.objc; path = AppDelegate.m; sourceTree = "<group>"; };
		8C108B87264CA05200756D24 /* ViewController.h */ = {isa = PBXFileReference; lastKnownFileType = sourcecode.c.h; path = ViewController.h; sourceTree = "<group>"; };
		8C108B88264CA05200756D24 /* ViewController.m */ = {isa = PBXFileReference; lastKnownFileType = sourcecode.c.objc; path = ViewController.m; sourceTree = "<group>"; };
		8C108B8B264CA05200756D24 /* Base */ = {isa = PBXFileReference; lastKnownFileType = file.storyboard; name = Base; path = Base.lproj/Main.storyboard; sourceTree = "<group>"; };
		8C108B8D264CA05400756D24 /* Assets.xcassets */ = {isa = PBXFileReference; lastKnownFileType = folder.assetcatalog; path = Assets.xcassets; sourceTree = "<group>"; };
		8C108B90264CA05400756D24 /* Base */ = {isa = PBXFileReference; lastKnownFileType = file.storyboard; name = Base; path = Base.lproj/LaunchScreen.storyboard; sourceTree = "<group>"; };
		8C108B92264CA05400756D24 /* Info.plist */ = {isa = PBXFileReference; lastKnownFileType = text.plist.xml; path = Info.plist; sourceTree = "<group>"; };
		8C108B93264CA05400756D24 /* main.m */ = {isa = PBXFileReference; lastKnownFileType = sourcecode.c.objc; path = main.m; sourceTree = "<group>"; };
		C50193D3817D22FD802284E6 /* Pods_ExampleObjc.framework */ = {isa = PBXFileReference; explicitFileType = wrapper.framework; includeInIndex = 0; path = Pods_ExampleObjc.framework; sourceTree = BUILT_PRODUCTS_DIR; };
		EE4F046591CDC0A5AF76B415 /* Pods-ExampleObjc.release.xcconfig */ = {isa = PBXFileReference; includeInIndex = 1; lastKnownFileType = text.xcconfig; name = "Pods-ExampleObjc.release.xcconfig"; path = "Target Support Files/Pods-ExampleObjc/Pods-ExampleObjc.release.xcconfig"; sourceTree = "<group>"; };
/* End PBXFileReference section */

/* Begin PBXFrameworksBuildPhase section */
		8C108B7B264CA05200756D24 /* Frameworks */ = {
			isa = PBXFrameworksBuildPhase;
			buildActionMask = 2147483647;
			files = (
				83177DC86B000B90E79C7151 /* Pods_ExampleObjc.framework in Frameworks */,
			);
			runOnlyForDeploymentPostprocessing = 0;
		};
/* End PBXFrameworksBuildPhase section */

/* Begin PBXGroup section */
		61E10C129FA2F9AD1181DA02 /* Pods */ = {
			isa = PBXGroup;
			children = (
				453D6FC1F0CA36374B1BC380 /* Pods-ExampleObjc.debug.xcconfig */,
				EE4F046591CDC0A5AF76B415 /* Pods-ExampleObjc.release.xcconfig */,
			);
			path = Pods;
			sourceTree = "<group>";
		};
		8C108B75264CA05200756D24 = {
			isa = PBXGroup;
			children = (
				8C108B80264CA05200756D24 /* ExampleObjc */,
				8C108B7F264CA05200756D24 /* Products */,
				61E10C129FA2F9AD1181DA02 /* Pods */,
				C3455551220308406002C7AD /* Frameworks */,
			);
			sourceTree = "<group>";
		};
		8C108B7F264CA05200756D24 /* Products */ = {
			isa = PBXGroup;
			children = (
				8C108B7E264CA05200756D24 /* ExampleObjc.app */,
			);
			name = Products;
			sourceTree = "<group>";
		};
		8C108B80264CA05200756D24 /* ExampleObjc */ = {
			isa = PBXGroup;
			children = (
				8C108B81264CA05200756D24 /* AppDelegate.h */,
				8C108B82264CA05200756D24 /* AppDelegate.m */,
				8C108B87264CA05200756D24 /* ViewController.h */,
				8C108B88264CA05200756D24 /* ViewController.m */,
				8C108B8A264CA05200756D24 /* Main.storyboard */,
				8C108B8D264CA05400756D24 /* Assets.xcassets */,
				8C108B8F264CA05400756D24 /* LaunchScreen.storyboard */,
				8C108B92264CA05400756D24 /* Info.plist */,
				8C108B93264CA05400756D24 /* main.m */,
			);
			path = ExampleObjc;
			sourceTree = "<group>";
		};
		C3455551220308406002C7AD /* Frameworks */ = {
			isa = PBXGroup;
			children = (
				C50193D3817D22FD802284E6 /* Pods_ExampleObjc.framework */,
			);
			name = Frameworks;
			sourceTree = "<group>";
		};
/* End PBXGroup section */

/* Begin PBXNativeTarget section */
		8C108B7D264CA05200756D24 /* ExampleObjc */ = {
			isa = PBXNativeTarget;
			buildConfigurationList = 8C108B97264CA05400756D24 /* Build configuration list for PBXNativeTarget "ExampleObjc" */;
			buildPhases = (
				3A94CEC4C2459CB22F92F454 /* [CP] Check Pods Manifest.lock */,
				8C108B7A264CA05200756D24 /* Sources */,
				8C108B7B264CA05200756D24 /* Frameworks */,
				8C108B7C264CA05200756D24 /* Resources */,
				CE776AA7E087976A35E981AF /* [CP] Embed Pods Frameworks */,
			);
			buildRules = (
			);
			dependencies = (
			);
			name = ExampleObjc;
			productName = ExampleObjc;
			productReference = 8C108B7E264CA05200756D24 /* ExampleObjc.app */;
			productType = "com.apple.product-type.application";
		};
/* End PBXNativeTarget section */

/* Begin PBXProject section */
		8C108B76264CA05200756D24 /* Project object */ = {
			isa = PBXProject;
			attributes = {
				LastUpgradeCheck = 1250;
				TargetAttributes = {
					8C108B7D264CA05200756D24 = {
						CreatedOnToolsVersion = 12.5;
					};
				};
			};
			buildConfigurationList = 8C108B79264CA05200756D24 /* Build configuration list for PBXProject "ExampleObjc" */;
			compatibilityVersion = "Xcode 9.3";
			developmentRegion = en;
			hasScannedForEncodings = 0;
			knownRegions = (
				en,
				Base,
			);
			mainGroup = 8C108B75264CA05200756D24;
			productRefGroup = 8C108B7F264CA05200756D24 /* Products */;
			projectDirPath = "";
			projectRoot = "";
			targets = (
				8C108B7D264CA05200756D24 /* ExampleObjc */,
			);
		};
/* End PBXProject section */

/* Begin PBXResourcesBuildPhase section */
		8C108B7C264CA05200756D24 /* Resources */ = {
			isa = PBXResourcesBuildPhase;
			buildActionMask = 2147483647;
			files = (
				8C108B91264CA05400756D24 /* LaunchScreen.storyboard in Resources */,
				8C108B8E264CA05400756D24 /* Assets.xcassets in Resources */,
				8C108B8C264CA05200756D24 /* Main.storyboard in Resources */,
			);
			runOnlyForDeploymentPostprocessing = 0;
		};
/* End PBXResourcesBuildPhase section */

/* Begin PBXShellScriptBuildPhase section */
		3A94CEC4C2459CB22F92F454 /* [CP] Check Pods Manifest.lock */ = {
			isa = PBXShellScriptBuildPhase;
			buildActionMask = 2147483647;
			files = (
			);
			inputFileListPaths = (
			);
			inputPaths = (
				"${PODS_PODFILE_DIR_PATH}/Podfile.lock",
				"${PODS_ROOT}/Manifest.lock",
			);
			name = "[CP] Check Pods Manifest.lock";
			outputFileListPaths = (
			);
			outputPaths = (
				"$(DERIVED_FILE_DIR)/Pods-ExampleObjc-checkManifestLockResult.txt",
			);
			runOnlyForDeploymentPostprocessing = 0;
			shellPath = /bin/sh;
			shellScript = "diff \"${PODS_PODFILE_DIR_PATH}/Podfile.lock\" \"${PODS_ROOT}/Manifest.lock\" > /dev/null\nif [ $? != 0 ] ; then\n    # print error to STDERR\n    echo \"error: The sandbox is not in sync with the Podfile.lock. Run 'pod install' or update your CocoaPods installation.\" >&2\n    exit 1\nfi\n# This output is used by Xcode 'outputs' to avoid re-running this script phase.\necho \"SUCCESS\" > \"${SCRIPT_OUTPUT_FILE_0}\"\n";
			showEnvVarsInLog = 0;
		};
		CE776AA7E087976A35E981AF /* [CP] Embed Pods Frameworks */ = {
			isa = PBXShellScriptBuildPhase;
			buildActionMask = 2147483647;
			files = (
			);
			inputFileListPaths = (
				"${PODS_ROOT}/Target Support Files/Pods-ExampleObjc/Pods-ExampleObjc-frameworks-${CONFIGURATION}-input-files.xcfilelist",
			);
			name = "[CP] Embed Pods Frameworks";
			outputFileListPaths = (
				"${PODS_ROOT}/Target Support Files/Pods-ExampleObjc/Pods-ExampleObjc-frameworks-${CONFIGURATION}-output-files.xcfilelist",
			);
			runOnlyForDeploymentPostprocessing = 0;
			shellPath = /bin/sh;
			shellScript = "\"${PODS_ROOT}/Target Support Files/Pods-ExampleObjc/Pods-ExampleObjc-frameworks.sh\"\n";
			showEnvVarsInLog = 0;
		};
/* End PBXShellScriptBuildPhase section */

/* Begin PBXSourcesBuildPhase section */
		8C108B7A264CA05200756D24 /* Sources */ = {
			isa = PBXSourcesBuildPhase;
			buildActionMask = 2147483647;
			files = (
				8C108B89264CA05200756D24 /* ViewController.m in Sources */,
				8C108B83264CA05200756D24 /* AppDelegate.m in Sources */,
				8C108B94264CA05400756D24 /* main.m in Sources */,
			);
			runOnlyForDeploymentPostprocessing = 0;
		};
/* End PBXSourcesBuildPhase section */

/* Begin PBXVariantGroup section */
		8C108B8A264CA05200756D24 /* Main.storyboard */ = {
			isa = PBXVariantGroup;
			children = (
				8C108B8B264CA05200756D24 /* Base */,
			);
			name = Main.storyboard;
			sourceTree = "<group>";
		};
		8C108B8F264CA05400756D24 /* LaunchScreen.storyboard */ = {
			isa = PBXVariantGroup;
			children = (
				8C108B90264CA05400756D24 /* Base */,
			);
			name = LaunchScreen.storyboard;
			sourceTree = "<group>";
		};
/* End PBXVariantGroup section */

/* Begin XCBuildConfiguration section */
		8C108B95264CA05400756D24 /* Debug */ = {
			isa = XCBuildConfiguration;
			buildSettings = {
				ALWAYS_SEARCH_USER_PATHS = NO;
				CLANG_ANALYZER_NONNULL = YES;
				CLANG_ANALYZER_NUMBER_OBJECT_CONVERSION = YES_AGGRESSIVE;
				CLANG_CXX_LANGUAGE_STANDARD = "gnu++14";
				CLANG_CXX_LIBRARY = "libc++";
				CLANG_ENABLE_MODULES = YES;
				CLANG_ENABLE_OBJC_ARC = YES;
				CLANG_ENABLE_OBJC_WEAK = YES;
				CLANG_WARN_BLOCK_CAPTURE_AUTORELEASING = YES;
				CLANG_WARN_BOOL_CONVERSION = YES;
				CLANG_WARN_COMMA = YES;
				CLANG_WARN_CONSTANT_CONVERSION = YES;
				CLANG_WARN_DEPRECATED_OBJC_IMPLEMENTATIONS = YES;
				CLANG_WARN_DIRECT_OBJC_ISA_USAGE = YES_ERROR;
				CLANG_WARN_DOCUMENTATION_COMMENTS = YES;
				CLANG_WARN_EMPTY_BODY = YES;
				CLANG_WARN_ENUM_CONVERSION = YES;
				CLANG_WARN_INFINITE_RECURSION = YES;
				CLANG_WARN_INT_CONVERSION = YES;
				CLANG_WARN_NON_LITERAL_NULL_CONVERSION = YES;
				CLANG_WARN_OBJC_IMPLICIT_RETAIN_SELF = YES;
				CLANG_WARN_OBJC_LITERAL_CONVERSION = YES;
				CLANG_WARN_OBJC_ROOT_CLASS = YES_ERROR;
				CLANG_WARN_QUOTED_INCLUDE_IN_FRAMEWORK_HEADER = YES;
				CLANG_WARN_RANGE_LOOP_ANALYSIS = YES;
				CLANG_WARN_STRICT_PROTOTYPES = YES;
				CLANG_WARN_SUSPICIOUS_MOVE = YES;
				CLANG_WARN_UNGUARDED_AVAILABILITY = YES_AGGRESSIVE;
				CLANG_WARN_UNREACHABLE_CODE = YES;
				CLANG_WARN__DUPLICATE_METHOD_MATCH = YES;
				COPY_PHASE_STRIP = NO;
				DEBUG_INFORMATION_FORMAT = dwarf;
				ENABLE_STRICT_OBJC_MSGSEND = YES;
				ENABLE_TESTABILITY = YES;
				GCC_C_LANGUAGE_STANDARD = gnu11;
				GCC_DYNAMIC_NO_PIC = NO;
				GCC_NO_COMMON_BLOCKS = YES;
				GCC_OPTIMIZATION_LEVEL = 0;
				GCC_PREPROCESSOR_DEFINITIONS = (
					"DEBUG=1",
					"$(inherited)",
				);
				GCC_WARN_64_TO_32_BIT_CONVERSION = YES;
				GCC_WARN_ABOUT_RETURN_TYPE = YES_ERROR;
				GCC_WARN_UNDECLARED_SELECTOR = YES;
				GCC_WARN_UNINITIALIZED_AUTOS = YES_AGGRESSIVE;
				GCC_WARN_UNUSED_FUNCTION = YES;
				GCC_WARN_UNUSED_VARIABLE = YES;
				IPHONEOS_DEPLOYMENT_TARGET = 14.5;
				MTL_ENABLE_DEBUG_INFO = INCLUDE_SOURCE;
				MTL_FAST_MATH = YES;
				ONLY_ACTIVE_ARCH = YES;
				SDKROOT = iphoneos;
			};
			name = Debug;
		};
		8C108B96264CA05400756D24 /* Release */ = {
			isa = XCBuildConfiguration;
			buildSettings = {
				ALWAYS_SEARCH_USER_PATHS = NO;
				CLANG_ANALYZER_NONNULL = YES;
				CLANG_ANALYZER_NUMBER_OBJECT_CONVERSION = YES_AGGRESSIVE;
				CLANG_CXX_LANGUAGE_STANDARD = "gnu++14";
				CLANG_CXX_LIBRARY = "libc++";
				CLANG_ENABLE_MODULES = YES;
				CLANG_ENABLE_OBJC_ARC = YES;
				CLANG_ENABLE_OBJC_WEAK = YES;
				CLANG_WARN_BLOCK_CAPTURE_AUTORELEASING = YES;
				CLANG_WARN_BOOL_CONVERSION = YES;
				CLANG_WARN_COMMA = YES;
				CLANG_WARN_CONSTANT_CONVERSION = YES;
				CLANG_WARN_DEPRECATED_OBJC_IMPLEMENTATIONS = YES;
				CLANG_WARN_DIRECT_OBJC_ISA_USAGE = YES_ERROR;
				CLANG_WARN_DOCUMENTATION_COMMENTS = YES;
				CLANG_WARN_EMPTY_BODY = YES;
				CLANG_WARN_ENUM_CONVERSION = YES;
				CLANG_WARN_INFINITE_RECURSION = YES;
				CLANG_WARN_INT_CONVERSION = YES;
				CLANG_WARN_NON_LITERAL_NULL_CONVERSION = YES;
				CLANG_WARN_OBJC_IMPLICIT_RETAIN_SELF = YES;
				CLANG_WARN_OBJC_LITERAL_CONVERSION = YES;
				CLANG_WARN_OBJC_ROOT_CLASS = YES_ERROR;
				CLANG_WARN_QUOTED_INCLUDE_IN_FRAMEWORK_HEADER = YES;
				CLANG_WARN_RANGE_LOOP_ANALYSIS = YES;
				CLANG_WARN_STRICT_PROTOTYPES = YES;
				CLANG_WARN_SUSPICIOUS_MOVE = YES;
				CLANG_WARN_UNGUARDED_AVAILABILITY = YES_AGGRESSIVE;
				CLANG_WARN_UNREACHABLE_CODE = YES;
				CLANG_WARN__DUPLICATE_METHOD_MATCH = YES;
				COPY_PHASE_STRIP = NO;
				DEBUG_INFORMATION_FORMAT = "dwarf-with-dsym";
				ENABLE_NS_ASSERTIONS = NO;
				ENABLE_STRICT_OBJC_MSGSEND = YES;
				GCC_C_LANGUAGE_STANDARD = gnu11;
				GCC_NO_COMMON_BLOCKS = YES;
				GCC_WARN_64_TO_32_BIT_CONVERSION = YES;
				GCC_WARN_ABOUT_RETURN_TYPE = YES_ERROR;
				GCC_WARN_UNDECLARED_SELECTOR = YES;
				GCC_WARN_UNINITIALIZED_AUTOS = YES_AGGRESSIVE;
				GCC_WARN_UNUSED_FUNCTION = YES;
				GCC_WARN_UNUSED_VARIABLE = YES;
				IPHONEOS_DEPLOYMENT_TARGET = 14.5;
				MTL_ENABLE_DEBUG_INFO = NO;
				MTL_FAST_MATH = YES;
				SDKROOT = iphoneos;
				VALIDATE_PRODUCT = YES;
			};
			name = Release;
		};
		8C108B98264CA05400756D24 /* Debug */ = {
			isa = XCBuildConfiguration;
			baseConfigurationReference = 453D6FC1F0CA36374B1BC380 /* Pods-ExampleObjc.debug.xcconfig */;
			buildSettings = {
				ASSETCATALOG_COMPILER_APPICON_NAME = AppIcon;
				ASSETCATALOG_COMPILER_GLOBAL_ACCENT_COLOR_NAME = AccentColor;
				CODE_SIGN_STYLE = Automatic;
				DEVELOPMENT_TEAM = KACD2W4XCZ;
				INFOPLIST_FILE = ExampleObjc/Info.plist;
				IPHONEOS_DEPLOYMENT_TARGET = 10.0;
				LD_RUNPATH_SEARCH_PATHS = (
					"$(inherited)",
					"@executable_path/Frameworks",
				);
				PRODUCT_BUNDLE_IDENTIFIER = br.com.getmo.ExampleObjc;
				PRODUCT_NAME = "$(TARGET_NAME)";
				TARGETED_DEVICE_FAMILY = "1,2";
			};
			name = Debug;
		};
		8C108B99264CA05400756D24 /* Release */ = {
			isa = XCBuildConfiguration;
			baseConfigurationReference = EE4F046591CDC0A5AF76B415 /* Pods-ExampleObjc.release.xcconfig */;
			buildSettings = {
				ASSETCATALOG_COMPILER_APPICON_NAME = AppIcon;
				ASSETCATALOG_COMPILER_GLOBAL_ACCENT_COLOR_NAME = AccentColor;
				CODE_SIGN_STYLE = Automatic;
				DEVELOPMENT_TEAM = KACD2W4XCZ;
				INFOPLIST_FILE = ExampleObjc/Info.plist;
				IPHONEOS_DEPLOYMENT_TARGET = 10.0;
				LD_RUNPATH_SEARCH_PATHS = (
					"$(inherited)",
					"@executable_path/Frameworks",
				);
				PRODUCT_BUNDLE_IDENTIFIER = br.com.getmo.ExampleObjc;
				PRODUCT_NAME = "$(TARGET_NAME)";
				TARGETED_DEVICE_FAMILY = "1,2";
			};
			name = Release;
		};
/* End XCBuildConfiguration section */

/* Begin XCConfigurationList section */
		8C108B79264CA05200756D24 /* Build configuration list for PBXProject "ExampleObjc" */ = {
			isa = XCConfigurationList;
			buildConfigurations = (
				8C108B95264CA05400756D24 /* Debug */,
				8C108B96264CA05400756D24 /* Release */,
			);
			defaultConfigurationIsVisible = 0;
			defaultConfigurationName = Release;
		};
		8C108B97264CA05400756D24 /* Build configuration list for PBXNativeTarget "ExampleObjc" */ = {
			isa = XCConfigurationList;
			buildConfigurations = (
				8C108B98264CA05400756D24 /* Debug */,
				8C108B99264CA05400756D24 /* Release */,
			);
			defaultConfigurationIsVisible = 0;
			defaultConfigurationName = Release;
		};
/* End XCConfigurationList section */
	};
	rootObject = 8C108B76264CA05200756D24 /* Project object */;
}
